
Microsoft Visual Studio Solution File, Format Version 12.00
# Visual Studio 2013
Project("{8BC9CEB8-8B4A-11D0-8D11-00A0C91BC942}") = "Exercice2", "Exercice2\Exercice2.vcxproj", "{10E556C4-2A16-418F-9F62-A90113E6E1AB}"
EndProject
Project("{8BC9CEB8-8B4A-11D0-8D11-00A0C91BC942}") = "Exercice1", "Exercice1\Exercice1.vcxproj", "{B7001A71-959C-438D-952B-3D359136CB8A}"
EndProject
Global
	GlobalSection(SolutionConfigurationPlatforms) = preSolution
		Debug|Win32 = Debug|Win32
		Release|Win32 = Release|Win32
	EndGlobalSection
	GlobalSection(ProjectConfigurationPlatforms) = postSolution
		{10E556C4-2A16-418F-9F62-A90113E6E1AB}.Debug|Win32.ActiveCfg = Debug|Win32
		{10E556C4-2A16-418F-9F62-A90113E6E1AB}.Debug|Win32.Build.0 = Debug|Win32
		{10E556C4-2A16-418F-9F62-A90113E6E1AB}.Release|Win32.ActiveCfg = Release|Win32
		{10E556C4-2A16-418F-9F62-A90113E6E1AB}.Release|Win32.Build.0 = Release|Win32
		{B7001A71-959C-438D-952B-3D359136CB8A}.Debug|Win32.ActiveCfg = Debug|Win32
		{B7001A71-959C-438D-952B-3D359136CB8A}.Debug|Win32.Build.0 = Debug|Win32
		{B7001A71-959C-438D-952B-3D359136CB8A}.Release|Win32.ActiveCfg = Release|Win32
		{B7001A71-959C-438D-952B-3D359136CB8A}.Release|Win32.Build.0 = Release|Win32
	EndGlobalSection
	GlobalSection(SolutionProperties) = preSolution
		HideSolutionNode = FALSE
	EndGlobalSection
EndGlobal
