
Microsoft Visual Studio Solution File, Format Version 12.00
# Visual Studio 2013
VisualStudioVersion = 12.0.21005.1
MinimumVisualStudioVersion = 10.0.40219.1
Project("{8BC9CEB8-8B4A-11D0-8D11-00A0C91BC942}") = "exo1", "exo1\exo1.vcxproj", "{B6DEE286-49A9-4145-8AD0-059146E3A906}"
EndProject
Project("{8BC9CEB8-8B4A-11D0-8D11-00A0C91BC942}") = "Find", "Find\Find.vcxproj", "{71ED2EFE-C9DA-4FD7-AC81-C58F09DA9D9B}"
EndProject
Project("{8BC9CEB8-8B4A-11D0-8D11-00A0C91BC942}") = "Tableau", "Tableau\Tableau.vcxproj", "{86346057-5ED9-494D-A6EA-4BFD7C845C06}"
EndProject
Project("{8BC9CEB8-8B4A-11D0-8D11-00A0C91BC942}") = "Tableau2D", "Tableau2D\Tableau2D.vcxproj", "{89CA3C3B-B0FC-4EFD-BC4F-6BED28774FE2}"
EndProject
Global
	GlobalSection(SolutionConfigurationPlatforms) = preSolution
		Debug|Win32 = Debug|Win32
		Release|Win32 = Release|Win32
	EndGlobalSection
	GlobalSection(ProjectConfigurationPlatforms) = postSolution
		{B6DEE286-49A9-4145-8AD0-059146E3A906}.Debug|Win32.ActiveCfg = Debug|Win32
		{B6DEE286-49A9-4145-8AD0-059146E3A906}.Debug|Win32.Build.0 = Debug|Win32
		{B6DEE286-49A9-4145-8AD0-059146E3A906}.Release|Win32.ActiveCfg = Release|Win32
		{B6DEE286-49A9-4145-8AD0-059146E3A906}.Release|Win32.Build.0 = Release|Win32
		{71ED2EFE-C9DA-4FD7-AC81-C58F09DA9D9B}.Debug|Win32.ActiveCfg = Debug|Win32
		{71ED2EFE-C9DA-4FD7-AC81-C58F09DA9D9B}.Debug|Win32.Build.0 = Debug|Win32
		{71ED2EFE-C9DA-4FD7-AC81-C58F09DA9D9B}.Release|Win32.ActiveCfg = Release|Win32
		{71ED2EFE-C9DA-4FD7-AC81-C58F09DA9D9B}.Release|Win32.Build.0 = Release|Win32
		{86346057-5ED9-494D-A6EA-4BFD7C845C06}.Debug|Win32.ActiveCfg = Debug|Win32
		{86346057-5ED9-494D-A6EA-4BFD7C845C06}.Debug|Win32.Build.0 = Debug|Win32
		{86346057-5ED9-494D-A6EA-4BFD7C845C06}.Release|Win32.ActiveCfg = Release|Win32
		{86346057-5ED9-494D-A6EA-4BFD7C845C06}.Release|Win32.Build.0 = Release|Win32
		{89CA3C3B-B0FC-4EFD-BC4F-6BED28774FE2}.Debug|Win32.ActiveCfg = Debug|Win32
		{89CA3C3B-B0FC-4EFD-BC4F-6BED28774FE2}.Debug|Win32.Build.0 = Debug|Win32
		{89CA3C3B-B0FC-4EFD-BC4F-6BED28774FE2}.Release|Win32.ActiveCfg = Release|Win32
		{89CA3C3B-B0FC-4EFD-BC4F-6BED28774FE2}.Release|Win32.Build.0 = Release|Win32
	EndGlobalSection
	GlobalSection(SolutionProperties) = preSolution
		HideSolutionNode = FALSE
	EndGlobalSection
EndGlobal
