
Microsoft Visual Studio Solution File, Format Version 12.00
# Visual Studio 2013
VisualStudioVersion = 12.0.21005.1
MinimumVisualStudioVersion = 10.0.40219.1
Project("{8BC9CEB8-8B4A-11D0-8D11-00A0C91BC942}") = "fichierFonctionStruct", "fichierFonctionStruct\fichierFonctionStruct.vcxproj", "{2F50F28C-9063-4F79-A841-AF1E42B75965}"
EndProject
Project("{8BC9CEB8-8B4A-11D0-8D11-00A0C91BC942}") = "EnumStructOrdinateur", "EnumStructOrdinateur\EnumStructOrdinateur.vcxproj", "{E8A11BBD-0DC9-45DB-AA9B-52DB8FF9B497}"
EndProject
Project("{8BC9CEB8-8B4A-11D0-8D11-00A0C91BC942}") = "structAndStruct", "structAndStruct\structAndStruct.vcxproj", "{AFBDAA69-17AF-407C-B23A-06E31D1D509C}"
EndProject
Project("{8BC9CEB8-8B4A-11D0-8D11-00A0C91BC942}") = "fichierBinaireAleatoire", "fichierBinaireAleatoire\fichierBinaireAleatoire.vcxproj", "{0D91ECE3-F37C-4B2E-B40F-095B459368F4}"
EndProject
Project("{8BC9CEB8-8B4A-11D0-8D11-00A0C91BC942}") = "fichierBinaireReal", "fichierBinaireReal\fichierBinaireReal.vcxproj", "{240844B8-2388-49AC-BA52-7B01CFE716B7}"
EndProject
Project("{8BC9CEB8-8B4A-11D0-8D11-00A0C91BC942}") = "FichierBinaire", "FichierBinaire\FichierBinaire.vcxproj", "{9CA9C97B-F1C1-4C80-ACDF-03616692CF5D}"
EndProject
Global
	GlobalSection(SolutionConfigurationPlatforms) = preSolution
		Debug|Win32 = Debug|Win32
		Release|Win32 = Release|Win32
	EndGlobalSection
	GlobalSection(ProjectConfigurationPlatforms) = postSolution
		{2F50F28C-9063-4F79-A841-AF1E42B75965}.Debug|Win32.ActiveCfg = Debug|Win32
		{2F50F28C-9063-4F79-A841-AF1E42B75965}.Debug|Win32.Build.0 = Debug|Win32
		{2F50F28C-9063-4F79-A841-AF1E42B75965}.Release|Win32.ActiveCfg = Release|Win32
		{2F50F28C-9063-4F79-A841-AF1E42B75965}.Release|Win32.Build.0 = Release|Win32
		{E8A11BBD-0DC9-45DB-AA9B-52DB8FF9B497}.Debug|Win32.ActiveCfg = Debug|Win32
		{E8A11BBD-0DC9-45DB-AA9B-52DB8FF9B497}.Debug|Win32.Build.0 = Debug|Win32
		{E8A11BBD-0DC9-45DB-AA9B-52DB8FF9B497}.Release|Win32.ActiveCfg = Release|Win32
		{E8A11BBD-0DC9-45DB-AA9B-52DB8FF9B497}.Release|Win32.Build.0 = Release|Win32
		{AFBDAA69-17AF-407C-B23A-06E31D1D509C}.Debug|Win32.ActiveCfg = Debug|Win32
		{AFBDAA69-17AF-407C-B23A-06E31D1D509C}.Debug|Win32.Build.0 = Debug|Win32
		{AFBDAA69-17AF-407C-B23A-06E31D1D509C}.Release|Win32.ActiveCfg = Release|Win32
		{AFBDAA69-17AF-407C-B23A-06E31D1D509C}.Release|Win32.Build.0 = Release|Win32
		{0D91ECE3-F37C-4B2E-B40F-095B459368F4}.Debug|Win32.ActiveCfg = Debug|Win32
		{0D91ECE3-F37C-4B2E-B40F-095B459368F4}.Debug|Win32.Build.0 = Debug|Win32
		{0D91ECE3-F37C-4B2E-B40F-095B459368F4}.Release|Win32.ActiveCfg = Release|Win32
		{0D91ECE3-F37C-4B2E-B40F-095B459368F4}.Release|Win32.Build.0 = Release|Win32
		{240844B8-2388-49AC-BA52-7B01CFE716B7}.Debug|Win32.ActiveCfg = Debug|Win32
		{240844B8-2388-49AC-BA52-7B01CFE716B7}.Debug|Win32.Build.0 = Debug|Win32
		{240844B8-2388-49AC-BA52-7B01CFE716B7}.Release|Win32.ActiveCfg = Release|Win32
		{240844B8-2388-49AC-BA52-7B01CFE716B7}.Release|Win32.Build.0 = Release|Win32
		{9CA9C97B-F1C1-4C80-ACDF-03616692CF5D}.Debug|Win32.ActiveCfg = Debug|Win32
		{9CA9C97B-F1C1-4C80-ACDF-03616692CF5D}.Debug|Win32.Build.0 = Debug|Win32
		{9CA9C97B-F1C1-4C80-ACDF-03616692CF5D}.Release|Win32.ActiveCfg = Release|Win32
		{9CA9C97B-F1C1-4C80-ACDF-03616692CF5D}.Release|Win32.Build.0 = Release|Win32
	EndGlobalSection
	GlobalSection(SolutionProperties) = preSolution
		HideSolutionNode = FALSE
	EndGlobalSection
EndGlobal
